
Microsoft Visual Studio Solution File, Format Version 12.00
# Visual Studio Version 16
VisualStudioVersion = 16.0.29001.49
MinimumVisualStudioVersion = 10.0.40219.1
Project("{FAE04EC0-301F-11D3-BF4B-00C04F79EFBC}") = "Mahyong.Android", "Mahyong\Mahyong.Android\Mahyong.Android.csproj", "{64A09166-4553-4A39-AC1A-B44B6880789C}"
EndProject
Project("{FAE04EC0-301F-11D3-BF4B-00C04F79EFBC}") = "Mahyong.iOS", "Mahyong\Mahyong.iOS\Mahyong.iOS.csproj", "{14DA7C6B-9364-415D-87D7-3109AC85FA41}"
EndProject
Project("{FAE04EC0-301F-11D3-BF4B-00C04F79EFBC}") = "Mahyong", "Mahyong\Mahyong\Mahyong.csproj", "{CF50866B-FBC2-4F7B-8C63-92F4C8F40AD8}"
EndProject
Global
	GlobalSection(SolutionConfigurationPlatforms) = preSolution
		Debug|Any CPU = Debug|Any CPU
		Debug|iPhone = Debug|iPhone
		Debug|iPhoneSimulator = Debug|iPhoneSimulator
		Release|Any CPU = Release|Any CPU
		Release|iPhone = Release|iPhone
		Release|iPhoneSimulator = Release|iPhoneSimulator
	EndGlobalSection
	GlobalSection(ProjectConfigurationPlatforms) = postSolution
		{64A09166-4553-4A39-AC1A-B44B6880789C}.Debug|Any CPU.ActiveCfg = Debug|Any CPU
		{64A09166-4553-4A39-AC1A-B44B6880789C}.Debug|Any CPU.Build.0 = Debug|Any CPU
		{64A09166-4553-4A39-AC1A-B44B6880789C}.Debug|Any CPU.Deploy.0 = Debug|Any CPU
		{64A09166-4553-4A39-AC1A-B44B6880789C}.Debug|iPhone.ActiveCfg = Debug|Any CPU
		{64A09166-4553-4A39-AC1A-B44B6880789C}.Debug|iPhone.Build.0 = Debug|Any CPU
		{64A09166-4553-4A39-AC1A-B44B6880789C}.Debug|iPhone.Deploy.0 = Debug|Any CPU
		{64A09166-4553-4A39-AC1A-B44B6880789C}.Debug|iPhoneSimulator.ActiveCfg = Debug|Any CPU
		{64A09166-4553-4A39-AC1A-B44B6880789C}.Debug|iPhoneSimulator.Build.0 = Debug|Any CPU
		{64A09166-4553-4A39-AC1A-B44B6880789C}.Debug|iPhoneSimulator.Deploy.0 = Debug|Any CPU
		{64A09166-4553-4A39-AC1A-B44B6880789C}.Release|Any CPU.ActiveCfg = Release|Any CPU
		{64A09166-4553-4A39-AC1A-B44B6880789C}.Release|Any CPU.Build.0 = Release|Any CPU
		{64A09166-4553-4A39-AC1A-B44B6880789C}.Release|Any CPU.Deploy.0 = Release|Any CPU
		{64A09166-4553-4A39-AC1A-B44B6880789C}.Release|iPhone.ActiveCfg = Release|Any CPU
		{64A09166-4553-4A39-AC1A-B44B6880789C}.Release|iPhone.Build.0 = Release|Any CPU
		{64A09166-4553-4A39-AC1A-B44B6880789C}.Release|iPhone.Deploy.0 = Release|Any CPU
		{64A09166-4553-4A39-AC1A-B44B6880789C}.Release|iPhoneSimulator.ActiveCfg = Release|Any CPU
		{64A09166-4553-4A39-AC1A-B44B6880789C}.Release|iPhoneSimulator.Build.0 = Release|Any CPU
		{64A09166-4553-4A39-AC1A-B44B6880789C}.Release|iPhoneSimulator.Deploy.0 = Release|Any CPU
		{14DA7C6B-9364-415D-87D7-3109AC85FA41}.Debug|Any CPU.ActiveCfg = Debug|iPhoneSimulator
		{14DA7C6B-9364-415D-87D7-3109AC85FA41}.Debug|Any CPU.Build.0 = Debug|iPhoneSimulator
		{14DA7C6B-9364-415D-87D7-3109AC85FA41}.Debug|Any CPU.Deploy.0 = Debug|iPhoneSimulator
		{14DA7C6B-9364-415D-87D7-3109AC85FA41}.Debug|iPhone.ActiveCfg = Debug|iPhone
		{14DA7C6B-9364-415D-87D7-3109AC85FA41}.Debug|iPhone.Build.0 = Debug|iPhone
		{14DA7C6B-9364-415D-87D7-3109AC85FA41}.Debug|iPhone.Deploy.0 = Debug|iPhone
		{14DA7C6B-9364-415D-87D7-3109AC85FA41}.Debug|iPhoneSimulator.ActiveCfg = Debug|iPhoneSimulator
		{14DA7C6B-9364-415D-87D7-3109AC85FA41}.Debug|iPhoneSimulator.Build.0 = Debug|iPhoneSimulator
		{14DA7C6B-9364-415D-87D7-3109AC85FA41}.Debug|iPhoneSimulator.Deploy.0 = Debug|iPhoneSimulator
		{14DA7C6B-9364-415D-87D7-3109AC85FA41}.Release|Any CPU.ActiveCfg = Release|iPhone
		{14DA7C6B-9364-415D-87D7-3109AC85FA41}.Release|Any CPU.Build.0 = Release|iPhone
		{14DA7C6B-9364-415D-87D7-3109AC85FA41}.Release|Any CPU.Deploy.0 = Release|iPhone
		{14DA7C6B-9364-415D-87D7-3109AC85FA41}.Release|iPhone.ActiveCfg = Release|iPhone
		{14DA7C6B-9364-415D-87D7-3109AC85FA41}.Release|iPhone.Build.0 = Release|iPhone
		{14DA7C6B-9364-415D-87D7-3109AC85FA41}.Release|iPhone.Deploy.0 = Release|iPhone
		{14DA7C6B-9364-415D-87D7-3109AC85FA41}.Release|iPhoneSimulator.ActiveCfg = Release|iPhoneSimulator
		{14DA7C6B-9364-415D-87D7-3109AC85FA41}.Release|iPhoneSimulator.Build.0 = Release|iPhoneSimulator
		{14DA7C6B-9364-415D-87D7-3109AC85FA41}.Release|iPhoneSimulator.Deploy.0 = Release|iPhoneSimulator
		{CF50866B-FBC2-4F7B-8C63-92F4C8F40AD8}.Debug|Any CPU.ActiveCfg = Debug|Any CPU
		{CF50866B-FBC2-4F7B-8C63-92F4C8F40AD8}.Debug|Any CPU.Build.0 = Debug|Any CPU
		{CF50866B-FBC2-4F7B-8C63-92F4C8F40AD8}.Debug|Any CPU.Deploy.0 = Debug|Any CPU
		{CF50866B-FBC2-4F7B-8C63-92F4C8F40AD8}.Debug|iPhone.ActiveCfg = Debug|Any CPU
		{CF50866B-FBC2-4F7B-8C63-92F4C8F40AD8}.Debug|iPhone.Build.0 = Debug|Any CPU
		{CF50866B-FBC2-4F7B-8C63-92F4C8F40AD8}.Debug|iPhone.Deploy.0 = Debug|Any CPU
		{CF50866B-FBC2-4F7B-8C63-92F4C8F40AD8}.Debug|iPhoneSimulator.ActiveCfg = Debug|Any CPU
		{CF50866B-FBC2-4F7B-8C63-92F4C8F40AD8}.Debug|iPhoneSimulator.Build.0 = Debug|Any CPU
		{CF50866B-FBC2-4F7B-8C63-92F4C8F40AD8}.Debug|iPhoneSimulator.Deploy.0 = Debug|Any CPU
		{CF50866B-FBC2-4F7B-8C63-92F4C8F40AD8}.Release|Any CPU.ActiveCfg = Release|Any CPU
		{CF50866B-FBC2-4F7B-8C63-92F4C8F40AD8}.Release|Any CPU.Build.0 = Release|Any CPU
		{CF50866B-FBC2-4F7B-8C63-92F4C8F40AD8}.Release|Any CPU.Deploy.0 = Release|Any CPU
		{CF50866B-FBC2-4F7B-8C63-92F4C8F40AD8}.Release|iPhone.ActiveCfg = Release|Any CPU
		{CF50866B-FBC2-4F7B-8C63-92F4C8F40AD8}.Release|iPhone.Build.0 = Release|Any CPU
		{CF50866B-FBC2-4F7B-8C63-92F4C8F40AD8}.Release|iPhone.Deploy.0 = Release|Any CPU
		{CF50866B-FBC2-4F7B-8C63-92F4C8F40AD8}.Release|iPhoneSimulator.ActiveCfg = Release|Any CPU
		{CF50866B-FBC2-4F7B-8C63-92F4C8F40AD8}.Release|iPhoneSimulator.Build.0 = Release|Any CPU
		{CF50866B-FBC2-4F7B-8C63-92F4C8F40AD8}.Release|iPhoneSimulator.Deploy.0 = Release|Any CPU
	EndGlobalSection
	GlobalSection(SolutionProperties) = preSolution
		HideSolutionNode = FALSE
	EndGlobalSection
	GlobalSection(ExtensibilityGlobals) = postSolution
		SolutionGuid = {6E506CF1-97D2-4140-A557-E9613A3B4216}
	EndGlobalSection
EndGlobal
